
Microsoft Visual Studio Solution File, Format Version 12.00
# Visual Studio Version 17
VisualStudioVersion = 17.8.34525.116
MinimumVisualStudioVersion = 10.0.40219.1
Project("{FAE04EC0-301F-11D3-BF4B-00C04F79EFBC}") = "TravelExpertsMVC", "TravelExpertsMVC\TravelExpertsMVC.csproj", "{DEDDF7BD-4977-4965-9E1A-7FF09B020C41}"
EndProject
Project("{FAE04EC0-301F-11D3-BF4B-00C04F79EFBC}") = "TravelExpertsData", "TravelExpertsData\TravelExpertsData.csproj", "{0BE5B7B7-A7B0-42CE-A2E9-0A881F68C3E2}"
EndProject
Global
	GlobalSection(SolutionConfigurationPlatforms) = preSolution
		Debug|Any CPU = Debug|Any CPU
		Release|Any CPU = Release|Any CPU
	EndGlobalSection
	GlobalSection(ProjectConfigurationPlatforms) = postSolution
		{DEDDF7BD-4977-4965-9E1A-7FF09B020C41}.Debug|Any CPU.ActiveCfg = Debug|Any CPU
		{DEDDF7BD-4977-4965-9E1A-7FF09B020C41}.Debug|Any CPU.Build.0 = Debug|Any CPU
		{DEDDF7BD-4977-4965-9E1A-7FF09B020C41}.Release|Any CPU.ActiveCfg = Release|Any CPU
		{DEDDF7BD-4977-4965-9E1A-7FF09B020C41}.Release|Any CPU.Build.0 = Release|Any CPU
		{0BE5B7B7-A7B0-42CE-A2E9-0A881F68C3E2}.Debug|Any CPU.ActiveCfg = Debug|Any CPU
		{0BE5B7B7-A7B0-42CE-A2E9-0A881F68C3E2}.Debug|Any CPU.Build.0 = Debug|Any CPU
		{0BE5B7B7-A7B0-42CE-A2E9-0A881F68C3E2}.Release|Any CPU.ActiveCfg = Release|Any CPU
		{0BE5B7B7-A7B0-42CE-A2E9-0A881F68C3E2}.Release|Any CPU.Build.0 = Release|Any CPU
	EndGlobalSection
	GlobalSection(SolutionProperties) = preSolution
		HideSolutionNode = FALSE
	EndGlobalSection
	GlobalSection(ExtensibilityGlobals) = postSolution
		SolutionGuid = {B35F61A1-9D18-405B-A84A-E6D640BD5D2C}
	EndGlobalSection
EndGlobal
